
Microsoft Visual Studio Solution File, Format Version 12.00
# Visual Studio 14
VisualStudioVersion = 14.0.25420.1
MinimumVisualStudioVersion = 10.0.40219.1
Project("{2150E333-8FDC-42A3-9474-1A3956D46DE8}") = "_Core", "_Core", "{375EA859-EA00-4C27-AD8B-9AAA086BCE1B}"
EndProject
Project("{2150E333-8FDC-42A3-9474-1A3956D46DE8}") = "Services", "Services", "{FED36466-8D2A-45C3-8BD3-39515CB29964}"
EndProject
Project("{FAE04EC0-301F-11D3-BF4B-00C04F79EFBC}") = "PME", "_Core\PME\PME.csproj", "{0D808A18-602B-4FA0-9157-47F9EC1F8645}"
EndProject
Project("{FAE04EC0-301F-11D3-BF4B-00C04F79EFBC}") = "PME.Test", "_Core\PME.Test\PME.Test.csproj", "{6AAB6218-D035-43EC-9F87-D867BE1643C0}"
EndProject
Project("{FAE04EC0-301F-11D3-BF4B-00C04F79EFBC}") = "PME.Web", "_Core\PME.Web\PME.Web.csproj", "{E3F0FA4C-22C9-4B1F-B249-CD7BD3261BD2}"
EndProject
Project("{FAE04EC0-301F-11D3-BF4B-00C04F79EFBC}") = "PME.Sample.Service", "Services\PME.Sample.Service\PME.Sample.Service.csproj", "{8B2DFBBF-3A59-42ED-936C-F93DDDFF0E2F}"
EndProject
Project("{FAE04EC0-301F-11D3-BF4B-00C04F79EFBC}") = "PME.Web.Test", "_Core\PME.Web.Test\PME.Web.Test.csproj", "{E83EE92D-B9BC-4EAE-9EFE-6227BE9575A6}"
EndProject
Project("{FAE04EC0-301F-11D3-BF4B-00C04F79EFBC}") = "PME.Sample.Service.Test", "Services\PME.Sample.Service.Test\PME.Sample.Service.Test.csproj", "{C43FE6D4-02DB-451D-9760-010B2CECB58C}"
EndProject
Global
	GlobalSection(SolutionConfigurationPlatforms) = preSolution
		Debug|Any CPU = Debug|Any CPU
		DEV|Any CPU = DEV|Any CPU
		QA|Any CPU = QA|Any CPU
		Release|Any CPU = Release|Any CPU
		UAT|Any CPU = UAT|Any CPU
	EndGlobalSection
	GlobalSection(ProjectConfigurationPlatforms) = postSolution
		{0D808A18-602B-4FA0-9157-47F9EC1F8645}.Debug|Any CPU.ActiveCfg = Debug|Any CPU
		{0D808A18-602B-4FA0-9157-47F9EC1F8645}.Debug|Any CPU.Build.0 = Debug|Any CPU
		{0D808A18-602B-4FA0-9157-47F9EC1F8645}.DEV|Any CPU.ActiveCfg = DEV|Any CPU
		{0D808A18-602B-4FA0-9157-47F9EC1F8645}.DEV|Any CPU.Build.0 = DEV|Any CPU
		{0D808A18-602B-4FA0-9157-47F9EC1F8645}.QA|Any CPU.ActiveCfg = QA|Any CPU
		{0D808A18-602B-4FA0-9157-47F9EC1F8645}.QA|Any CPU.Build.0 = QA|Any CPU
		{0D808A18-602B-4FA0-9157-47F9EC1F8645}.Release|Any CPU.ActiveCfg = Release|Any CPU
		{0D808A18-602B-4FA0-9157-47F9EC1F8645}.Release|Any CPU.Build.0 = Release|Any CPU
		{0D808A18-602B-4FA0-9157-47F9EC1F8645}.UAT|Any CPU.ActiveCfg = UAT|Any CPU
		{0D808A18-602B-4FA0-9157-47F9EC1F8645}.UAT|Any CPU.Build.0 = UAT|Any CPU
		{6AAB6218-D035-43EC-9F87-D867BE1643C0}.Debug|Any CPU.ActiveCfg = Debug|Any CPU
		{6AAB6218-D035-43EC-9F87-D867BE1643C0}.Debug|Any CPU.Build.0 = Debug|Any CPU
		{6AAB6218-D035-43EC-9F87-D867BE1643C0}.DEV|Any CPU.ActiveCfg = DEV|Any CPU
		{6AAB6218-D035-43EC-9F87-D867BE1643C0}.DEV|Any CPU.Build.0 = DEV|Any CPU
		{6AAB6218-D035-43EC-9F87-D867BE1643C0}.QA|Any CPU.ActiveCfg = QA|Any CPU
		{6AAB6218-D035-43EC-9F87-D867BE1643C0}.QA|Any CPU.Build.0 = QA|Any CPU
		{6AAB6218-D035-43EC-9F87-D867BE1643C0}.Release|Any CPU.ActiveCfg = Release|Any CPU
		{6AAB6218-D035-43EC-9F87-D867BE1643C0}.Release|Any CPU.Build.0 = Release|Any CPU
		{6AAB6218-D035-43EC-9F87-D867BE1643C0}.UAT|Any CPU.ActiveCfg = UAT|Any CPU
		{6AAB6218-D035-43EC-9F87-D867BE1643C0}.UAT|Any CPU.Build.0 = UAT|Any CPU
		{E3F0FA4C-22C9-4B1F-B249-CD7BD3261BD2}.Debug|Any CPU.ActiveCfg = Debug|Any CPU
		{E3F0FA4C-22C9-4B1F-B249-CD7BD3261BD2}.Debug|Any CPU.Build.0 = Debug|Any CPU
		{E3F0FA4C-22C9-4B1F-B249-CD7BD3261BD2}.DEV|Any CPU.ActiveCfg = DEV|Any CPU
		{E3F0FA4C-22C9-4B1F-B249-CD7BD3261BD2}.DEV|Any CPU.Build.0 = DEV|Any CPU
		{E3F0FA4C-22C9-4B1F-B249-CD7BD3261BD2}.QA|Any CPU.ActiveCfg = QA|Any CPU
		{E3F0FA4C-22C9-4B1F-B249-CD7BD3261BD2}.QA|Any CPU.Build.0 = QA|Any CPU
		{E3F0FA4C-22C9-4B1F-B249-CD7BD3261BD2}.Release|Any CPU.ActiveCfg = Release|Any CPU
		{E3F0FA4C-22C9-4B1F-B249-CD7BD3261BD2}.Release|Any CPU.Build.0 = Release|Any CPU
		{E3F0FA4C-22C9-4B1F-B249-CD7BD3261BD2}.UAT|Any CPU.ActiveCfg = UAT|Any CPU
		{E3F0FA4C-22C9-4B1F-B249-CD7BD3261BD2}.UAT|Any CPU.Build.0 = UAT|Any CPU
		{8B2DFBBF-3A59-42ED-936C-F93DDDFF0E2F}.Debug|Any CPU.ActiveCfg = Debug|Any CPU
		{8B2DFBBF-3A59-42ED-936C-F93DDDFF0E2F}.Debug|Any CPU.Build.0 = Debug|Any CPU
		{8B2DFBBF-3A59-42ED-936C-F93DDDFF0E2F}.DEV|Any CPU.ActiveCfg = DEV|Any CPU
		{8B2DFBBF-3A59-42ED-936C-F93DDDFF0E2F}.DEV|Any CPU.Build.0 = DEV|Any CPU
		{8B2DFBBF-3A59-42ED-936C-F93DDDFF0E2F}.QA|Any CPU.ActiveCfg = QA|Any CPU
		{8B2DFBBF-3A59-42ED-936C-F93DDDFF0E2F}.QA|Any CPU.Build.0 = QA|Any CPU
		{8B2DFBBF-3A59-42ED-936C-F93DDDFF0E2F}.Release|Any CPU.ActiveCfg = Release|Any CPU
		{8B2DFBBF-3A59-42ED-936C-F93DDDFF0E2F}.Release|Any CPU.Build.0 = Release|Any CPU
		{8B2DFBBF-3A59-42ED-936C-F93DDDFF0E2F}.UAT|Any CPU.ActiveCfg = UAT|Any CPU
		{8B2DFBBF-3A59-42ED-936C-F93DDDFF0E2F}.UAT|Any CPU.Build.0 = UAT|Any CPU
		{E83EE92D-B9BC-4EAE-9EFE-6227BE9575A6}.Debug|Any CPU.ActiveCfg = Debug|Any CPU
		{E83EE92D-B9BC-4EAE-9EFE-6227BE9575A6}.Debug|Any CPU.Build.0 = Debug|Any CPU
		{E83EE92D-B9BC-4EAE-9EFE-6227BE9575A6}.DEV|Any CPU.ActiveCfg = DEV|Any CPU
		{E83EE92D-B9BC-4EAE-9EFE-6227BE9575A6}.DEV|Any CPU.Build.0 = DEV|Any CPU
		{E83EE92D-B9BC-4EAE-9EFE-6227BE9575A6}.QA|Any CPU.ActiveCfg = QA|Any CPU
		{E83EE92D-B9BC-4EAE-9EFE-6227BE9575A6}.QA|Any CPU.Build.0 = QA|Any CPU
		{E83EE92D-B9BC-4EAE-9EFE-6227BE9575A6}.Release|Any CPU.ActiveCfg = Release|Any CPU
		{E83EE92D-B9BC-4EAE-9EFE-6227BE9575A6}.Release|Any CPU.Build.0 = Release|Any CPU
		{E83EE92D-B9BC-4EAE-9EFE-6227BE9575A6}.UAT|Any CPU.ActiveCfg = UAT|Any CPU
		{E83EE92D-B9BC-4EAE-9EFE-6227BE9575A6}.UAT|Any CPU.Build.0 = UAT|Any CPU
		{C43FE6D4-02DB-451D-9760-010B2CECB58C}.Debug|Any CPU.ActiveCfg = Debug|Any CPU
		{C43FE6D4-02DB-451D-9760-010B2CECB58C}.Debug|Any CPU.Build.0 = Debug|Any CPU
		{C43FE6D4-02DB-451D-9760-010B2CECB58C}.DEV|Any CPU.ActiveCfg = Debug|Any CPU
		{C43FE6D4-02DB-451D-9760-010B2CECB58C}.DEV|Any CPU.Build.0 = Debug|Any CPU
		{C43FE6D4-02DB-451D-9760-010B2CECB58C}.QA|Any CPU.ActiveCfg = Release|Any CPU
		{C43FE6D4-02DB-451D-9760-010B2CECB58C}.QA|Any CPU.Build.0 = Release|Any CPU
		{C43FE6D4-02DB-451D-9760-010B2CECB58C}.Release|Any CPU.ActiveCfg = Release|Any CPU
		{C43FE6D4-02DB-451D-9760-010B2CECB58C}.Release|Any CPU.Build.0 = Release|Any CPU
		{C43FE6D4-02DB-451D-9760-010B2CECB58C}.UAT|Any CPU.ActiveCfg = Release|Any CPU
		{C43FE6D4-02DB-451D-9760-010B2CECB58C}.UAT|Any CPU.Build.0 = Release|Any CPU
	EndGlobalSection
	GlobalSection(SolutionProperties) = preSolution
		HideSolutionNode = FALSE
	EndGlobalSection
	GlobalSection(NestedProjects) = preSolution
		{0D808A18-602B-4FA0-9157-47F9EC1F8645} = {375EA859-EA00-4C27-AD8B-9AAA086BCE1B}
		{6AAB6218-D035-43EC-9F87-D867BE1643C0} = {375EA859-EA00-4C27-AD8B-9AAA086BCE1B}
		{E3F0FA4C-22C9-4B1F-B249-CD7BD3261BD2} = {375EA859-EA00-4C27-AD8B-9AAA086BCE1B}
		{8B2DFBBF-3A59-42ED-936C-F93DDDFF0E2F} = {FED36466-8D2A-45C3-8BD3-39515CB29964}
		{E83EE92D-B9BC-4EAE-9EFE-6227BE9575A6} = {375EA859-EA00-4C27-AD8B-9AAA086BCE1B}
		{C43FE6D4-02DB-451D-9760-010B2CECB58C} = {FED36466-8D2A-45C3-8BD3-39515CB29964}
	EndGlobalSection
EndGlobal
